
Microsoft Visual Studio Solution File, Format Version 12.00
# Visual Studio Version 17
VisualStudioVersion = 17.4.33122.133
MinimumVisualStudioVersion = 10.0.40219.1
Project("{9A19103F-16F7-4668-BE54-9A1E7A4F7556}") = "RookoutSample", "RookoutSample.csproj", "{C7CD3630-5777-4B9B-9F47-7504F6B78809}"
EndProject
Global
	GlobalSection(SolutionConfigurationPlatforms) = preSolution
		Debug|Any CPU = Debug|Any CPU
		Release|Any CPU = Release|Any CPU
	EndGlobalSection
	GlobalSection(ProjectConfigurationPlatforms) = postSolution
		{C7CD3630-5777-4B9B-9F47-7504F6B78809}.Debug|Any CPU.ActiveCfg = Debug|Any CPU
		{C7CD3630-5777-4B9B-9F47-7504F6B78809}.Debug|Any CPU.Build.0 = Debug|Any CPU
		{C7CD3630-5777-4B9B-9F47-7504F6B78809}.Release|Any CPU.ActiveCfg = Release|Any CPU
		{C7CD3630-5777-4B9B-9F47-7504F6B78809}.Release|Any CPU.Build.0 = Release|Any CPU
	EndGlobalSection
	GlobalSection(SolutionProperties) = preSolution
		HideSolutionNode = FALSE
	EndGlobalSection
	GlobalSection(ExtensibilityGlobals) = postSolution
		SolutionGuid = {390923B5-852E-4A34-8C1E-2F6F778A02E0}
	EndGlobalSection
EndGlobal
